
Microsoft Visual Studio Solution File, Format Version 12.00
# Visual Studio 15
VisualStudioVersion = 15.0.28307.1022
MinimumVisualStudioVersion = 10.0.40219.1
Project("{9A19103F-16F7-4668-BE54-9A1E7A4F7556}") = "DatingApp.api", "DatingApp.api.csproj", "{F02D0AA2-CAA2-419C-85D6-FEF599ABE443}"
EndProject
Global
	GlobalSection(SolutionConfigurationPlatforms) = preSolution
		Debug|Any CPU = Debug|Any CPU
		Release|Any CPU = Release|Any CPU
	EndGlobalSection
	GlobalSection(ProjectConfigurationPlatforms) = postSolution
		{F02D0AA2-CAA2-419C-85D6-FEF599ABE443}.Debug|Any CPU.ActiveCfg = Debug|Any CPU
		{F02D0AA2-CAA2-419C-85D6-FEF599ABE443}.Debug|Any CPU.Build.0 = Debug|Any CPU
		{F02D0AA2-CAA2-419C-85D6-FEF599ABE443}.Release|Any CPU.ActiveCfg = Release|Any CPU
		{F02D0AA2-CAA2-419C-85D6-FEF599ABE443}.Release|Any CPU.Build.0 = Release|Any CPU
	EndGlobalSection
	GlobalSection(SolutionProperties) = preSolution
		HideSolutionNode = FALSE
	EndGlobalSection
	GlobalSection(ExtensibilityGlobals) = postSolution
		SolutionGuid = {F3DA6293-C373-4E03-B5FC-0541EF005292}
	EndGlobalSection
EndGlobal
